// !$*UTF8*$!
{
	archiveVersion = 1;
	classes = {
	};
	objectVersion = 56;
	objects = {

/* Begin PBXBuildFile section */
		133A44052AA5EE0D000BFD36 /* AppDelegate.swift in Sources */ = {isa = PBXBuildFile; fileRef = 133A44042AA5EE0D000BFD36 /* AppDelegate.swift */; };
		133A44072AA5EE0D000BFD36 /* SceneDelegate.swift in Sources */ = {isa = PBXBuildFile; fileRef = 133A44062AA5EE0D000BFD36 /* SceneDelegate.swift */; };
		133A44092AA5EE0D000BFD36 /* ViewController.swift in Sources */ = {isa = PBXBuildFile; fileRef = 133A44082AA5EE0D000BFD36 /* ViewController.swift */; };
		133A440C2AA5EE0D000BFD36 /* Main.storyboard in Resources */ = {isa = PBXBuildFile; fileRef = 133A440A2AA5EE0D000BFD36 /* Main.storyboard */; };
		133A440F2AA5EE0D000BFD36 /* MovieNote.xcdatamodeld in Sources */ = {isa = PBXBuildFile; fileRef = 133A440D2AA5EE0D000BFD36 /* MovieNote.xcdatamodeld */; };
		133A44112AA5EE0E000BFD36 /* Assets.xcassets in Resources */ = {isa = PBXBuildFile; fileRef = 133A44102AA5EE0E000BFD36 /* Assets.xcassets */; };
		133A44142AA5EE0E000BFD36 /* LaunchScreen.storyboard in Resources */ = {isa = PBXBuildFile; fileRef = 133A44122AA5EE0E000BFD36 /* LaunchScreen.storyboard */; };
		133A441C2AA5F2C7000BFD36 /* DetailsVC.swift in Sources */ = {isa = PBXBuildFile; fileRef = 133A441B2AA5F2C7000BFD36 /* DetailsVC.swift */; };
/* End PBXBuildFile section */

/* Begin PBXFileReference section */
		133A44012AA5EE0D000BFD36 /* MovieNote.app */ = {isa = PBXFileReference; explicitFileType = wrapper.application; includeInIndex = 0; path = MovieNote.app; sourceTree = BUILT_PRODUCTS_DIR; };
		133A44042AA5EE0D000BFD36 /* AppDelegate.swift */ = {isa = PBXFileReference; lastKnownFileType = sourcecode.swift; path = AppDelegate.swift; sourceTree = "<group>"; };
		133A44062AA5EE0D000BFD36 /* SceneDelegate.swift */ = {isa = PBXFileReference; lastKnownFileType = sourcecode.swift; path = SceneDelegate.swift; sourceTree = "<group>"; };
		133A44082AA5EE0D000BFD36 /* ViewController.swift */ = {isa = PBXFileReference; lastKnownFileType = sourcecode.swift; path = ViewController.swift; sourceTree = "<group>"; };
		133A440B2AA5EE0D000BFD36 /* Base */ = {isa = PBXFileReference; lastKnownFileType = file.storyboard; name = Base; path = Base.lproj/Main.storyboard; sourceTree = "<group>"; };
		133A440E2AA5EE0D000BFD36 /* MovieNote.xcdatamodel */ = {isa = PBXFileReference; lastKnownFileType = wrapper.xcdatamodel; path = MovieNote.xcdatamodel; sourceTree = "<group>"; };
		133A44102AA5EE0E000BFD36 /* Assets.xcassets */ = {isa = PBXFileReference; lastKnownFileType = folder.assetcatalog; path = Assets.xcassets; sourceTree = "<group>"; };
		133A44132AA5EE0E000BFD36 /* Base */ = {isa = PBXFileReference; lastKnownFileType = file.storyboard; name = Base; path = Base.lproj/LaunchScreen.storyboard; sourceTree = "<group>"; };
		133A44152AA5EE0E000BFD36 /* Info.plist */ = {isa = PBXFileReference; lastKnownFileType = text.plist.xml; path = Info.plist; sourceTree = "<group>"; };
		133A441B2AA5F2C7000BFD36 /* DetailsVC.swift */ = {isa = PBXFileReference; lastKnownFileType = sourcecode.swift; path = DetailsVC.swift; sourceTree = "<group>"; };
/* End PBXFileReference section */

/* Begin PBXFrameworksBuildPhase section */
		133A43FE2AA5EE0D000BFD36 /* Frameworks */ = {
			isa = PBXFrameworksBuildPhase;
			buildActionMask = 2147483647;
			files = (
			);
			runOnlyForDeploymentPostprocessing = 0;
		};
/* End PBXFrameworksBuildPhase section */

/* Begin PBXGroup section */
		133A43F82AA5EE0D000BFD36 = {
			isa = PBXGroup;
			children = (
				133A44032AA5EE0D000BFD36 /* MovieNote */,
				133A44022AA5EE0D000BFD36 /* Products */,
			);
			sourceTree = "<group>";
		};
		133A44022AA5EE0D000BFD36 /* Products */ = {
			isa = PBXGroup;
			children = (
				133A44012AA5EE0D000BFD36 /* MovieNote.app */,
			);
			name = Products;
			sourceTree = "<group>";
		};
		133A44032AA5EE0D000BFD36 /* MovieNote */ = {
			isa = PBXGroup;
			children = (
				133A44042AA5EE0D000BFD36 /* AppDelegate.swift */,
				133A44062AA5EE0D000BFD36 /* SceneDelegate.swift */,
				133A44082AA5EE0D000BFD36 /* ViewController.swift */,
				133A441B2AA5F2C7000BFD36 /* DetailsVC.swift */,
				133A440A2AA5EE0D000BFD36 /* Main.storyboard */,
				133A44102AA5EE0E000BFD36 /* Assets.xcassets */,
				133A44122AA5EE0E000BFD36 /* LaunchScreen.storyboard */,
				133A44152AA5EE0E000BFD36 /* Info.plist */,
				133A440D2AA5EE0D000BFD36 /* MovieNote.xcdatamodeld */,
			);
			path = MovieNote;
			sourceTree = "<group>";
		};
/* End PBXGroup section */

/* Begin PBXNativeTarget section */
		133A44002AA5EE0D000BFD36 /* MovieNote */ = {
			isa = PBXNativeTarget;
			buildConfigurationList = 133A44182AA5EE0E000BFD36 /* Build configuration list for PBXNativeTarget "MovieNote" */;
			buildPhases = (
				133A43FD2AA5EE0D000BFD36 /* Sources */,
				133A43FE2AA5EE0D000BFD36 /* Frameworks */,
				133A43FF2AA5EE0D000BFD36 /* Resources */,
			);
			buildRules = (
			);
			dependencies = (
			);
			name = MovieNote;
			productName = MovieNote;
			productReference = 133A44012AA5EE0D000BFD36 /* MovieNote.app */;
			productType = "com.apple.product-type.application";
		};
/* End PBXNativeTarget section */

/* Begin PBXProject section */
		133A43F92AA5EE0D000BFD36 /* Project object */ = {
			isa = PBXProject;
			attributes = {
				BuildIndependentTargetsInParallel = 1;
				LastSwiftUpdateCheck = 1430;
				LastUpgradeCheck = 1430;
				TargetAttributes = {
					133A44002AA5EE0D000BFD36 = {
						CreatedOnToolsVersion = 14.3.1;
					};
				};
			};
			buildConfigurationList = 133A43FC2AA5EE0D000BFD36 /* Build configuration list for PBXProject "MovieNote" */;
			compatibilityVersion = "Xcode 14.0";
			developmentRegion = en;
			hasScannedForEncodings = 0;
			knownRegions = (
				en,
				Base,
			);
			mainGroup = 133A43F82AA5EE0D000BFD36;
			productRefGroup = 133A44022AA5EE0D000BFD36 /* Products */;
			projectDirPath = "";
			projectRoot = "";
			targets = (
				133A44002AA5EE0D000BFD36 /* MovieNote */,
			);
		};
/* End PBXProject section */

/* Begin PBXResourcesBuildPhase section */
		133A43FF2AA5EE0D000BFD36 /* Resources */ = {
			isa = PBXResourcesBuildPhase;
			buildActionMask = 2147483647;
			files = (
				133A44142AA5EE0E000BFD36 /* LaunchScreen.storyboard in Resources */,
				133A44112AA5EE0E000BFD36 /* Assets.xcassets in Resources */,
				133A440C2AA5EE0D000BFD36 /* Main.storyboard in Resources */,
			);
			runOnlyForDeploymentPostprocessing = 0;
		};
/* End PBXResourcesBuildPhase section */

/* Begin PBXSourcesBuildPhase section */
		133A43FD2AA5EE0D000BFD36 /* Sources */ = {
			isa = PBXSourcesBuildPhase;
			buildActionMask = 2147483647;
			files = (
				133A440F2AA5EE0D000BFD36 /* MovieNote.xcdatamodeld in Sources */,
				133A44092AA5EE0D000BFD36 /* ViewController.swift in Sources */,
				133A44052AA5EE0D000BFD36 /* AppDelegate.swift in Sources */,
				133A44072AA5EE0D000BFD36 /* SceneDelegate.swift in Sources */,
				133A441C2AA5F2C7000BFD36 /* DetailsVC.swift in Sources */,
			);
			runOnlyForDeploymentPostprocessing = 0;
		};
/* End PBXSourcesBuildPhase section */

/* Begin PBXVariantGroup section */
		133A440A2AA5EE0D000BFD36 /* Main.storyboard */ = {
			isa = PBXVariantGroup;
			children = (
				133A440B2AA5EE0D000BFD36 /* Base */,
			);
			name = Main.storyboard;
			sourceTree = "<group>";
		};
		133A44122AA5EE0E000BFD36 /* LaunchScreen.storyboard */ = {
			isa = PBXVariantGroup;
			children = (
				133A44132AA5EE0E000BFD36 /* Base */,
			);
			name = LaunchScreen.storyboard;
			sourceTree = "<group>";
		};
/* End PBXVariantGroup section */

/* Begin XCBuildConfiguration section */
		133A44162AA5EE0E000BFD36 /* Debug */ = {
			isa = XCBuildConfiguration;
			buildSettings = {
				ALWAYS_SEARCH_USER_PATHS = NO;
				CLANG_ANALYZER_NONNULL = YES;
				CLANG_ANALYZER_NUMBER_OBJECT_CONVERSION = YES_AGGRESSIVE;
				CLANG_CXX_LANGUAGE_STANDARD = "gnu++20";
				CLANG_ENABLE_MODULES = YES;
				CLANG_ENABLE_OBJC_ARC = YES;
				CLANG_ENABLE_OBJC_WEAK = YES;
				CLANG_WARN_BLOCK_CAPTURE_AUTORELEASING = YES;
				CLANG_WARN_BOOL_CONVERSION = YES;
				CLANG_WARN_COMMA = YES;
				CLANG_WARN_CONSTANT_CONVERSION = YES;
				CLANG_WARN_DEPRECATED_OBJC_IMPLEMENTATIONS = YES;
				CLANG_WARN_DIRECT_OBJC_ISA_USAGE = YES_ERROR;
				CLANG_WARN_DOCUMENTATION_COMMENTS = YES;
				CLANG_WARN_EMPTY_BODY = YES;
				CLANG_WARN_ENUM_CONVERSION = YES;
				CLANG_WARN_INFINITE_RECURSION = YES;
				CLANG_WARN_INT_CONVERSION = YES;
				CLANG_WARN_NON_LITERAL_NULL_CONVERSION = YES;
				CLANG_WARN_OBJC_IMPLICIT_RETAIN_SELF = YES;
				CLANG_WARN_OBJC_LITERAL_CONVERSION = YES;
				CLANG_WARN_OBJC_ROOT_CLASS = YES_ERROR;
				CLANG_WARN_QUOTED_INCLUDE_IN_FRAMEWORK_HEADER = YES;
				CLANG_WARN_RANGE_LOOP_ANALYSIS = YES;
				CLANG_WARN_STRICT_PROTOTYPES = YES;
				CLANG_WARN_SUSPICIOUS_MOVE = YES;
				CLANG_WARN_UNGUARDED_AVAILABILITY = YES_AGGRESSIVE;
				CLANG_WARN_UNREACHABLE_CODE = YES;
				CLANG_WARN__DUPLICATE_METHOD_MATCH = YES;
				COPY_PHASE_STRIP = NO;
				DEBUG_INFORMATION_FORMAT = dwarf;
				ENABLE_STRICT_OBJC_MSGSEND = YES;
				ENABLE_TESTABILITY = YES;
				GCC_C_LANGUAGE_STANDARD = gnu11;
				GCC_DYNAMIC_NO_PIC = NO;
				GCC_NO_COMMON_BLOCKS = YES;
				GCC_OPTIMIZATION_LEVEL = 0;
				GCC_PREPROCESSOR_DEFINITIONS = (
					"DEBUG=1",
					"$(inherited)",
				);
				GCC_WARN_64_TO_32_BIT_CONVERSION = YES;
				GCC_WARN_ABOUT_RETURN_TYPE = YES_ERROR;
				GCC_WARN_UNDECLARED_SELECTOR = YES;
				GCC_WARN_UNINITIALIZED_AUTOS = YES_AGGRESSIVE;
				GCC_WARN_UNUSED_FUNCTION = YES;
				GCC_WARN_UNUSED_VARIABLE = YES;
				IPHONEOS_DEPLOYMENT_TARGET = 16.4;
				MTL_ENABLE_DEBUG_INFO = INCLUDE_SOURCE;
				MTL_FAST_MATH = YES;
				ONLY_ACTIVE_ARCH = YES;
				SDKROOT = iphoneos;
				SWIFT_ACTIVE_COMPILATION_CONDITIONS = DEBUG;
				SWIFT_OPTIMIZATION_LEVEL = "-Onone";
			};
			name = Debug;
		};
		133A44172AA5EE0E000BFD36 /* Release */ = {
			isa = XCBuildConfiguration;
			buildSettings = {
				ALWAYS_SEARCH_USER_PATHS = NO;
				CLANG_ANALYZER_NONNULL = YES;
				CLANG_ANALYZER_NUMBER_OBJECT_CONVERSION = YES_AGGRESSIVE;
				CLANG_CXX_LANGUAGE_STANDARD = "gnu++20";
				CLANG_ENABLE_MODULES = YES;
				CLANG_ENABLE_OBJC_ARC = YES;
				CLANG_ENABLE_OBJC_WEAK = YES;
				CLANG_WARN_BLOCK_CAPTURE_AUTORELEASING = YES;
				CLANG_WARN_BOOL_CONVERSION = YES;
				CLANG_WARN_COMMA = YES;
				CLANG_WARN_CONSTANT_CONVERSION = YES;
				CLANG_WARN_DEPRECATED_OBJC_IMPLEMENTATIONS = YES;
				CLANG_WARN_DIRECT_OBJC_ISA_USAGE = YES_ERROR;
				CLANG_WARN_DOCUMENTATION_COMMENTS = YES;
				CLANG_WARN_EMPTY_BODY = YES;
				CLANG_WARN_ENUM_CONVERSION = YES;
				CLANG_WARN_INFINITE_RECURSION = YES;
				CLANG_WARN_INT_CONVERSION = YES;
				CLANG_WARN_NON_LITERAL_NULL_CONVERSION = YES;
				CLANG_WARN_OBJC_IMPLICIT_RETAIN_SELF = YES;
				CLANG_WARN_OBJC_LITERAL_CONVERSION = YES;
				CLANG_WARN_OBJC_ROOT_CLASS = YES_ERROR;
				CLANG_WARN_QUOTED_INCLUDE_IN_FRAMEWORK_HEADER = YES;
				CLANG_WARN_RANGE_LOOP_ANALYSIS = YES;
				CLANG_WARN_STRICT_PROTOTYPES = YES;
				CLANG_WARN_SUSPICIOUS_MOVE = YES;
				CLANG_WARN_UNGUARDED_AVAILABILITY = YES_AGGRESSIVE;
				CLANG_WARN_UNREACHABLE_CODE = YES;
				CLANG_WARN__DUPLICATE_METHOD_MATCH = YES;
				COPY_PHASE_STRIP = NO;
				DEBUG_INFORMATION_FORMAT = "dwarf-with-dsym";
				ENABLE_NS_ASSERTIONS = NO;
				ENABLE_STRICT_OBJC_MSGSEND = YES;
				GCC_C_LANGUAGE_STANDARD = gnu11;
				GCC_NO_COMMON_BLOCKS = YES;
				GCC_WARN_64_TO_32_BIT_CONVERSION = YES;
				GCC_WARN_ABOUT_RETURN_TYPE = YES_ERROR;
				GCC_WARN_UNDECLARED_SELECTOR = YES;
				GCC_WARN_UNINITIALIZED_AUTOS = YES_AGGRESSIVE;
				GCC_WARN_UNUSED_FUNCTION = YES;
				GCC_WARN_UNUSED_VARIABLE = YES;
				IPHONEOS_DEPLOYMENT_TARGET = 16.4;
				MTL_ENABLE_DEBUG_INFO = NO;
				MTL_FAST_MATH = YES;
				SDKROOT = iphoneos;
				SWIFT_COMPILATION_MODE = wholemodule;
				SWIFT_OPTIMIZATION_LEVEL = "-O";
				VALIDATE_PRODUCT = YES;
			};
			name = Release;
		};
		133A44192AA5EE0E000BFD36 /* Debug */ = {
			isa = XCBuildConfiguration;
			buildSettings = {
				ASSETCATALOG_COMPILER_APPICON_NAME = AppIcon;
				ASSETCATALOG_COMPILER_GLOBAL_ACCENT_COLOR_NAME = AccentColor;
				CODE_SIGN_STYLE = Automatic;
				CURRENT_PROJECT_VERSION = 1;
				DEVELOPMENT_TEAM = U4GJP66JJA;
				GENERATE_INFOPLIST_FILE = YES;
				INFOPLIST_FILE = MovieNote/Info.plist;
				INFOPLIST_KEY_UIApplicationSupportsIndirectInputEvents = YES;
				INFOPLIST_KEY_UILaunchStoryboardName = LaunchScreen;
				INFOPLIST_KEY_UIMainStoryboardFile = Main;
				INFOPLIST_KEY_UISupportedInterfaceOrientations_iPad = "UIInterfaceOrientationPortrait UIInterfaceOrientationPortraitUpsideDown UIInterfaceOrientationLandscapeLeft UIInterfaceOrientationLandscapeRight";
				INFOPLIST_KEY_UISupportedInterfaceOrientations_iPhone = "UIInterfaceOrientationPortrait UIInterfaceOrientationLandscapeLeft UIInterfaceOrientationLandscapeRight";
				LD_RUNPATH_SEARCH_PATHS = (
					"$(inherited)",
					"@executable_path/Frameworks",
				);
				MARKETING_VERSION = 1.0;
				PRODUCT_BUNDLE_IDENTIFIER = com.atakanaktakka.MovieNote;
				PRODUCT_NAME = "$(TARGET_NAME)";
				SWIFT_EMIT_LOC_STRINGS = YES;
				SWIFT_VERSION = 5.0;
				TARGETED_DEVICE_FAMILY = "1,2";
			};
			name = Debug;
		};
		133A441A2AA5EE0E000BFD36 /* Release */ = {
			isa = XCBuildConfiguration;
			buildSettings = {
				ASSETCATALOG_COMPILER_APPICON_NAME = AppIcon;
				ASSETCATALOG_COMPILER_GLOBAL_ACCENT_COLOR_NAME = AccentColor;
				CODE_SIGN_STYLE = Automatic;
				CURRENT_PROJECT_VERSION = 1;
				DEVELOPMENT_TEAM = U4GJP66JJA;
				GENERATE_INFOPLIST_FILE = YES;
				INFOPLIST_FILE = MovieNote/Info.plist;
				INFOPLIST_KEY_UIApplicationSupportsIndirectInputEvents = YES;
				INFOPLIST_KEY_UILaunchStoryboardName = LaunchScreen;
				INFOPLIST_KEY_UIMainStoryboardFile = Main;
				INFOPLIST_KEY_UISupportedInterfaceOrientations_iPad = "UIInterfaceOrientationPortrait UIInterfaceOrientationPortraitUpsideDown UIInterfaceOrientationLandscapeLeft UIInterfaceOrientationLandscapeRight";
				INFOPLIST_KEY_UISupportedInterfaceOrientations_iPhone = "UIInterfaceOrientationPortrait UIInterfaceOrientationLandscapeLeft UIInterfaceOrientationLandscapeRight";
				LD_RUNPATH_SEARCH_PATHS = (
					"$(inherited)",
					"@executable_path/Frameworks",
				);
				MARKETING_VERSION = 1.0;
				PRODUCT_BUNDLE_IDENTIFIER = com.atakanaktakka.MovieNote;
				PRODUCT_NAME = "$(TARGET_NAME)";
				SWIFT_EMIT_LOC_STRINGS = YES;
				SWIFT_VERSION = 5.0;
				TARGETED_DEVICE_FAMILY = "1,2";
			};
			name = Release;
		};
/* End XCBuildConfiguration section */

/* Begin XCConfigurationList section */
		133A43FC2AA5EE0D000BFD36 /* Build configuration list for PBXProject "MovieNote" */ = {
			isa = XCConfigurationList;
			buildConfigurations = (
				133A44162AA5EE0E000BFD36 /* Debug */,
				133A44172AA5EE0E000BFD36 /* Release */,
			);
			defaultConfigurationIsVisible = 0;
			defaultConfigurationName = Release;
		};
		133A44182AA5EE0E000BFD36 /* Build configuration list for PBXNativeTarget "MovieNote" */ = {
			isa = XCConfigurationList;
			buildConfigurations = (
				133A44192AA5EE0E000BFD36 /* Debug */,
				133A441A2AA5EE0E000BFD36 /* Release */,
			);
			defaultConfigurationIsVisible = 0;
			defaultConfigurationName = Release;
		};
/* End XCConfigurationList section */

/* Begin XCVersionGroup section */
		133A440D2AA5EE0D000BFD36 /* MovieNote.xcdatamodeld */ = {
			isa = XCVersionGroup;
			children = (
				133A440E2AA5EE0D000BFD36 /* MovieNote.xcdatamodel */,
			);
			currentVersion = 133A440E2AA5EE0D000BFD36 /* MovieNote.xcdatamodel */;
			path = MovieNote.xcdatamodeld;
			sourceTree = "<group>";
			versionGroupType = wrapper.xcdatamodel;
		};
/* End XCVersionGroup section */
	};
	rootObject = 133A43F92AA5EE0D000BFD36 /* Project object */;
}
